
Microsoft Visual Studio Solution File, Format Version 12.00
# Visual Studio 15
VisualStudioVersion = 15.0.28307.168
MinimumVisualStudioVersion = 10.0.40219.1
Project("{FAE04EC0-301F-11D3-BF4B-00C04F79EFBC}") = "Taschenrechner", "Taschenrechner\Taschenrechner.csproj", "{56A9F174-3749-4B32-84FA-A7B70B49F27F}"
EndProject
Global
	GlobalSection(SolutionConfigurationPlatforms) = preSolution
		Debug|Any CPU = Debug|Any CPU
		Release|Any CPU = Release|Any CPU
	EndGlobalSection
	GlobalSection(ProjectConfigurationPlatforms) = postSolution
		{56A9F174-3749-4B32-84FA-A7B70B49F27F}.Debug|Any CPU.ActiveCfg = Debug|Any CPU
		{56A9F174-3749-4B32-84FA-A7B70B49F27F}.Debug|Any CPU.Build.0 = Debug|Any CPU
		{56A9F174-3749-4B32-84FA-A7B70B49F27F}.Release|Any CPU.ActiveCfg = Release|Any CPU
		{56A9F174-3749-4B32-84FA-A7B70B49F27F}.Release|Any CPU.Build.0 = Release|Any CPU
	EndGlobalSection
	GlobalSection(SolutionProperties) = preSolution
		HideSolutionNode = FALSE
	EndGlobalSection
	GlobalSection(ExtensibilityGlobals) = postSolution
		SolutionGuid = {7DB7B193-3A87-47B8-81A3-BA2BB7FFC032}
	EndGlobalSection
EndGlobal
