
Microsoft Visual Studio Solution File, Format Version 12.00
# Visual Studio 15
VisualStudioVersion = 15.0.28307.168
MinimumVisualStudioVersion = 10.0.40219.1
Project("{FAE04EC0-301F-11D3-BF4B-00C04F79EFBC}") = "Threads", "Threads\Threads.csproj", "{0F9640B8-8BC1-4538-8DD4-01D8FFD8C6C6}"
EndProject
Global
	GlobalSection(SolutionConfigurationPlatforms) = preSolution
		Debug|Any CPU = Debug|Any CPU
		Release|Any CPU = Release|Any CPU
	EndGlobalSection
	GlobalSection(ProjectConfigurationPlatforms) = postSolution
		{0F9640B8-8BC1-4538-8DD4-01D8FFD8C6C6}.Debug|Any CPU.ActiveCfg = Debug|Any CPU
		{0F9640B8-8BC1-4538-8DD4-01D8FFD8C6C6}.Debug|Any CPU.Build.0 = Debug|Any CPU
		{0F9640B8-8BC1-4538-8DD4-01D8FFD8C6C6}.Release|Any CPU.ActiveCfg = Release|Any CPU
		{0F9640B8-8BC1-4538-8DD4-01D8FFD8C6C6}.Release|Any CPU.Build.0 = Release|Any CPU
	EndGlobalSection
	GlobalSection(SolutionProperties) = preSolution
		HideSolutionNode = FALSE
	EndGlobalSection
	GlobalSection(ExtensibilityGlobals) = postSolution
		SolutionGuid = {CFBD7549-0DA8-4B37-B7F5-7E7E8DCE2A2A}
	EndGlobalSection
EndGlobal
