
Microsoft Visual Studio Solution File, Format Version 12.00
# Visual Studio 15
VisualStudioVersion = 15.0.28307.168
MinimumVisualStudioVersion = 10.0.40219.1
Project("{FAE04EC0-301F-11D3-BF4B-00C04F79EFBC}") = "TPL", "TPL\TPL.csproj", "{5D58A7F5-C1E7-4414-B66C-555347DCF74C}"
EndProject
Global
	GlobalSection(SolutionConfigurationPlatforms) = preSolution
		Debug|Any CPU = Debug|Any CPU
		Release|Any CPU = Release|Any CPU
	EndGlobalSection
	GlobalSection(ProjectConfigurationPlatforms) = postSolution
		{5D58A7F5-C1E7-4414-B66C-555347DCF74C}.Debug|Any CPU.ActiveCfg = Debug|Any CPU
		{5D58A7F5-C1E7-4414-B66C-555347DCF74C}.Debug|Any CPU.Build.0 = Debug|Any CPU
		{5D58A7F5-C1E7-4414-B66C-555347DCF74C}.Release|Any CPU.ActiveCfg = Release|Any CPU
		{5D58A7F5-C1E7-4414-B66C-555347DCF74C}.Release|Any CPU.Build.0 = Release|Any CPU
	EndGlobalSection
	GlobalSection(SolutionProperties) = preSolution
		HideSolutionNode = FALSE
	EndGlobalSection
	GlobalSection(ExtensibilityGlobals) = postSolution
		SolutionGuid = {28390AEC-35E2-4000-9085-937BA9B267D4}
	EndGlobalSection
EndGlobal
